{"is_source_file": false, "format": "", "description": "", "external_files": [], "external_methods": [], "published": [], "classes": [], "methods": [], "calls": [], "search-terms": [], "state": 2, "file_id": 25, "knowledge_revision": 54, "git_revision": "f8a76d49726ba82603e7e0c6893450bb637a4313", "hash": "e9b4c3b42cef0193b7fddb548d37e652", "format-version": 4, "code-base-name": "default", "filename": "mockui_match/post_process_status.lock", "revision_history": [{"54": "f8a76d49726ba82603e7e0c6893450bb637a4313"}]}